
Microsoft Visual Studio Solution File, Format Version 12.00
# Visual Studio Version 17
VisualStudioVersion = 17.2.32630.192
MinimumVisualStudioVersion = 10.0.40219.1
Project("{FAE04EC0-301F-11D3-BF4B-00C04F79EFBC}") = "Target Desafio", "Target Desafio\Target Desafio.csproj", "{43238B99-B298-42CA-B15C-82F4B0704CDD}"
EndProject
Global
	GlobalSection(SolutionConfigurationPlatforms) = preSolution
		Debug|Any CPU = Debug|Any CPU
		Release|Any CPU = Release|Any CPU
	EndGlobalSection
	GlobalSection(ProjectConfigurationPlatforms) = postSolution
		{43238B99-B298-42CA-B15C-82F4B0704CDD}.Debug|Any CPU.ActiveCfg = Debug|Any CPU
		{43238B99-B298-42CA-B15C-82F4B0704CDD}.Debug|Any CPU.Build.0 = Debug|Any CPU
		{43238B99-B298-42CA-B15C-82F4B0704CDD}.Release|Any CPU.ActiveCfg = Release|Any CPU
		{43238B99-B298-42CA-B15C-82F4B0704CDD}.Release|Any CPU.Build.0 = Release|Any CPU
	EndGlobalSection
	GlobalSection(SolutionProperties) = preSolution
		HideSolutionNode = FALSE
	EndGlobalSection
	GlobalSection(ExtensibilityGlobals) = postSolution
		SolutionGuid = {F790993C-7D4C-4C64-8A63-B7A60DA7E766}
	EndGlobalSection
EndGlobal
